{
  "name": "signup-form",
  "lockfileVersion": 3,
  "requires": true,
  "packages": {
    "": {
      "dependencies": {
        "owasp-password-strength-test": "^1.3.0"
      }
    },
    "node_modules/owasp-password-strength-test": {
      "version": "1.3.0",
      "resolved": "https://registry.npmjs.org/owasp-password-strength-test/-/owasp-password-strength-test-1.3.0.tgz",
      "integrity": "sha512-33/Z+vyjlFaVZsT7aAFe3SkQZdU6su59XNkYdU5o2Fssz0D9dt6uiFaMm62M7dFQSKogULq8UYvdKnHkeqNB2w=="
    }
  }
}
